// !$*UTF8*$!
{
	archiveVersion = 1;
	classes = {
	};
	objectVersion = 46;
	objects = {

/* Begin PBXBuildFile section */
		C474FD5C159BDCD5002612B2 /* Foundation.framework in Frameworks */ = {isa = PBXBuildFile; fileRef = C474FD5B159BDCD5002612B2 /* Foundation.framework */; };
		C474FD5E159BDCD5002612B2 /* UIKit.framework in Frameworks */ = {isa = PBXBuildFile; fileRef = C474FD5D159BDCD5002612B2 /* UIKit.framework */; };
		C474FD60159BDCD5002612B2 /* CoreGraphics.framework in Frameworks */ = {isa = PBXBuildFile; fileRef = C474FD5F159BDCD5002612B2 /* CoreGraphics.framework */; };
		C474FD62159BDCD5002612B2 /* AddressBook.framework in Frameworks */ = {isa = PBXBuildFile; fileRef = C474FD61159BDCD5002612B2 /* AddressBook.framework */; };
		C474FD64159BDCD5002612B2 /* AddressBookUI.framework in Frameworks */ = {isa = PBXBuildFile; fileRef = C474FD63159BDCD5002612B2 /* AddressBookUI.framework */; };
		C474FD66159BDCD5002612B2 /* AudioToolbox.framework in Frameworks */ = {isa = PBXBuildFile; fileRef = C474FD65159BDCD5002612B2 /* AudioToolbox.framework */; };
		C474FD68159BDCD5002612B2 /* AVFoundation.framework in Frameworks */ = {isa = PBXBuildFile; fileRef = C474FD67159BDCD5002612B2 /* AVFoundation.framework */; };
		C474FD6A159BDCD5002612B2 /* CoreLocation.framework in Frameworks */ = {isa = PBXBuildFile; fileRef = C474FD69159BDCD5002612B2 /* CoreLocation.framework */; };
		C474FD6C159BDCD5002612B2 /* MediaPlayer.framework in Frameworks */ = {isa = PBXBuildFile; fileRef = C474FD6B159BDCD5002612B2 /* MediaPlayer.framework */; };
		C474FD6E159BDCD5002612B2 /* QuartzCore.framework in Frameworks */ = {isa = PBXBuildFile; fileRef = C474FD6D159BDCD5002612B2 /* QuartzCore.framework */; };
		C474FD70159BDCD5002612B2 /* SystemConfiguration.framework in Frameworks */ = {isa = PBXBuildFile; fileRef = C474FD6F159BDCD5002612B2 /* SystemConfiguration.framework */; };
		C474FD72159BDCD5002612B2 /* MobileCoreServices.framework in Frameworks */ = {isa = PBXBuildFile; fileRef = C474FD71159BDCD5002612B2 /* MobileCoreServices.framework */; };
		C474FD74159BDCD5002612B2 /* CoreMedia.framework in Frameworks */ = {isa = PBXBuildFile; fileRef = C474FD73159BDCD5002612B2 /* CoreMedia.framework */; };
		C474FD7A159BDCD6002612B2 /* InfoPlist.strings in Resources */ = {isa = PBXBuildFile; fileRef = C474FD78159BDCD6002612B2 /* InfoPlist.strings */; };
		C474FD7C159BDCD6002612B2 /* main.m in Sources */ = {isa = PBXBuildFile; fileRef = C474FD7B159BDCD6002612B2 /* main.m */; };
		C474FD7F159BDCD6002612B2 /* Cordova.framework in Frameworks */ = {isa = PBXBuildFile; fileRef = C474FD7E159BDCD6002612B2 /* Cordova.framework */; };
		C474FD84159BDCD6002612B2 /* Localizable.strings in Resources */ = {isa = PBXBuildFile; fileRef = C474FD82159BDCD6002612B2 /* Localizable.strings */; };
		C474FD88159BDCD6002612B2 /* Localizable.strings in Resources */ = {isa = PBXBuildFile; fileRef = C474FD86159BDCD6002612B2 /* Localizable.strings */; };
		C474FD8C159BDCD6002612B2 /* Localizable.strings in Resources */ = {isa = PBXBuildFile; fileRef = C474FD8A159BDCD6002612B2 /* Localizable.strings */; };
		C474FD90159BDCD6002612B2 /* Localizable.strings in Resources */ = {isa = PBXBuildFile; fileRef = C474FD8E159BDCD6002612B2 /* Localizable.strings */; };
		C474FD93159BDCD6002612B2 /* icon.png in Resources */ = {isa = PBXBuildFile; fileRef = C474FD92159BDCD6002612B2 /* icon.png */; };
		C474FD95159BDCD6002612B2 /* icon@2x.png in Resources */ = {isa = PBXBuildFile; fileRef = C474FD94159BDCD6002612B2 /* icon@2x.png */; };
		C474FD97159BDCD6002612B2 /* icon-72.png in Resources */ = {isa = PBXBuildFile; fileRef = C474FD96159BDCD6002612B2 /* icon-72.png */; };
		C474FD9A159BDCD6002612B2 /* Default~iphone.png in Resources */ = {isa = PBXBuildFile; fileRef = C474FD99159BDCD6002612B2 /* Default~iphone.png */; };
		C474FD9C159BDCD6002612B2 /* Default@2x~iphone.png in Resources */ = {isa = PBXBuildFile; fileRef = C474FD9B159BDCD6002612B2 /* Default@2x~iphone.png */; };
		C474FD9E159BDCD6002612B2 /* Capture.bundle in Resources */ = {isa = PBXBuildFile; fileRef = C474FD9D159BDCD6002612B2 /* Capture.bundle */; };
		C474FDA0159BDCD6002612B2 /* Cordova.plist in Resources */ = {isa = PBXBuildFile; fileRef = C474FD9F159BDCD6002612B2 /* Cordova.plist */; };
		C474FDA4159BDCD6002612B2 /* AppDelegate.m in Sources */ = {isa = PBXBuildFile; fileRef = C474FDA3159BDCD6002612B2 /* AppDelegate.m */; };
		C474FDA7159BDCD6002612B2 /* MainViewController.m in Sources */ = {isa = PBXBuildFile; fileRef = C474FDA6159BDCD6002612B2 /* MainViewController.m */; };
		C474FDA9159BDCD6002612B2 /* MainViewController.xib in Resources */ = {isa = PBXBuildFile; fileRef = C474FDA8159BDCD6002612B2 /* MainViewController.xib */; };
/* End PBXBuildFile section */

/* Begin PBXFileReference section */
		C474FD57159BDCD5002612B2 /* Hello MDV.app */ = {isa = PBXFileReference; explicitFileType = wrapper.application; includeInIndex = 0; path = "Hello MDV.app"; sourceTree = BUILT_PRODUCTS_DIR; };
		C474FD5B159BDCD5002612B2 /* Foundation.framework */ = {isa = PBXFileReference; lastKnownFileType = wrapper.framework; name = Foundation.framework; path = System/Library/Frameworks/Foundation.framework; sourceTree = SDKROOT; };
		C474FD5D159BDCD5002612B2 /* UIKit.framework */ = {isa = PBXFileReference; lastKnownFileType = wrapper.framework; name = UIKit.framework; path = System/Library/Frameworks/UIKit.framework; sourceTree = SDKROOT; };
		C474FD5F159BDCD5002612B2 /* CoreGraphics.framework */ = {isa = PBXFileReference; lastKnownFileType = wrapper.framework; name = CoreGraphics.framework; path = System/Library/Frameworks/CoreGraphics.framework; sourceTree = SDKROOT; };
		C474FD61159BDCD5002612B2 /* AddressBook.framework */ = {isa = PBXFileReference; lastKnownFileType = wrapper.framework; name = AddressBook.framework; path = System/Library/Frameworks/AddressBook.framework; sourceTree = SDKROOT; };
		C474FD63159BDCD5002612B2 /* AddressBookUI.framework */ = {isa = PBXFileReference; lastKnownFileType = wrapper.framework; name = AddressBookUI.framework; path = System/Library/Frameworks/AddressBookUI.framework; sourceTree = SDKROOT; };
		C474FD65159BDCD5002612B2 /* AudioToolbox.framework */ = {isa = PBXFileReference; lastKnownFileType = wrapper.framework; name = AudioToolbox.framework; path = System/Library/Frameworks/AudioToolbox.framework; sourceTree = SDKROOT; };
		C474FD67159BDCD5002612B2 /* AVFoundation.framework */ = {isa = PBXFileReference; lastKnownFileType = wrapper.framework; name = AVFoundation.framework; path = System/Library/Frameworks/AVFoundation.framework; sourceTree = SDKROOT; };
		C474FD69159BDCD5002612B2 /* CoreLocation.framework */ = {isa = PBXFileReference; lastKnownFileType = wrapper.framework; name = CoreLocation.framework; path = System/Library/Frameworks/CoreLocation.framework; sourceTree = SDKROOT; };
		C474FD6B159BDCD5002612B2 /* MediaPlayer.framework */ = {isa = PBXFileReference; lastKnownFileType = wrapper.framework; name = MediaPlayer.framework; path = System/Library/Frameworks/MediaPlayer.framework; sourceTree = SDKROOT; };
		C474FD6D159BDCD5002612B2 /* QuartzCore.framework */ = {isa = PBXFileReference; lastKnownFileType = wrapper.framework; name = QuartzCore.framework; path = System/Library/Frameworks/QuartzCore.framework; sourceTree = SDKROOT; };
		C474FD6F159BDCD5002612B2 /* SystemConfiguration.framework */ = {isa = PBXFileReference; lastKnownFileType = wrapper.framework; name = SystemConfiguration.framework; path = System/Library/Frameworks/SystemConfiguration.framework; sourceTree = SDKROOT; };
		C474FD71159BDCD5002612B2 /* MobileCoreServices.framework */ = {isa = PBXFileReference; lastKnownFileType = wrapper.framework; name = MobileCoreServices.framework; path = System/Library/Frameworks/MobileCoreServices.framework; sourceTree = SDKROOT; };
		C474FD73159BDCD5002612B2 /* CoreMedia.framework */ = {isa = PBXFileReference; lastKnownFileType = wrapper.framework; name = CoreMedia.framework; path = System/Library/Frameworks/CoreMedia.framework; sourceTree = SDKROOT; };
		C474FD77159BDCD6002612B2 /* Hello MDV-Info.plist */ = {isa = PBXFileReference; lastKnownFileType = text.plist.xml; path = "Hello MDV-Info.plist"; sourceTree = "<group>"; };
		C474FD79159BDCD6002612B2 /* en */ = {isa = PBXFileReference; lastKnownFileType = text.plist.strings; name = en; path = en.lproj/InfoPlist.strings; sourceTree = "<group>"; };
		C474FD7B159BDCD6002612B2 /* main.m */ = {isa = PBXFileReference; lastKnownFileType = sourcecode.c.objc; path = main.m; sourceTree = "<group>"; };
		C474FD7D159BDCD6002612B2 /* Hello MDV-Prefix.pch */ = {isa = PBXFileReference; lastKnownFileType = sourcecode.c.h; path = "Hello MDV-Prefix.pch"; sourceTree = "<group>"; };
		C474FD7E159BDCD6002612B2 /* Cordova.framework */ = {isa = PBXFileReference; lastKnownFileType = wrapper.framework; name = Cordova.framework; path = /Users/Shared/Cordova/Frameworks/Cordova.framework; sourceTree = "<absolute>"; };
		C474FD83159BDCD6002612B2 /* en */ = {isa = PBXFileReference; lastKnownFileType = text.plist.strings; name = en; path = Resources/en.lproj/Localizable.strings; sourceTree = "<group>"; };
		C474FD87159BDCD6002612B2 /* es */ = {isa = PBXFileReference; lastKnownFileType = text.plist.strings; name = es; path = Resources/es.lproj/Localizable.strings; sourceTree = "<group>"; };
		C474FD8B159BDCD6002612B2 /* de */ = {isa = PBXFileReference; lastKnownFileType = text.plist.strings; name = de; path = Resources/de.lproj/Localizable.strings; sourceTree = "<group>"; };
		C474FD8F159BDCD6002612B2 /* se */ = {isa = PBXFileReference; lastKnownFileType = text.plist.strings; name = se; path = Resources/se.lproj/Localizable.strings; sourceTree = "<group>"; };
		C474FD92159BDCD6002612B2 /* icon.png */ = {isa = PBXFileReference; lastKnownFileType = image.png; name = icon.png; path = Resources/icons/icon.png; sourceTree = "<group>"; };
		C474FD94159BDCD6002612B2 /* icon@2x.png */ = {isa = PBXFileReference; lastKnownFileType = image.png; name = "icon@2x.png"; path = "Resources/icons/icon@2x.png"; sourceTree = "<group>"; };
		C474FD96159BDCD6002612B2 /* icon-72.png */ = {isa = PBXFileReference; lastKnownFileType = image.png; name = "icon-72.png"; path = "Resources/icons/icon-72.png"; sourceTree = "<group>"; };
		C474FD99159BDCD6002612B2 /* Default~iphone.png */ = {isa = PBXFileReference; lastKnownFileType = image.png; name = "Default~iphone.png"; path = "Resources/splash/Default~iphone.png"; sourceTree = "<group>"; };
		C474FD9B159BDCD6002612B2 /* Default@2x~iphone.png */ = {isa = PBXFileReference; lastKnownFileType = image.png; name = "Default@2x~iphone.png"; path = "Resources/splash/Default@2x~iphone.png"; sourceTree = "<group>"; };
		C474FD9D159BDCD6002612B2 /* Capture.bundle */ = {isa = PBXFileReference; lastKnownFileType = "wrapper.plug-in"; name = Capture.bundle; path = Resources/Capture.bundle; sourceTree = "<group>"; };
		C474FD9F159BDCD6002612B2 /* Cordova.plist */ = {isa = PBXFileReference; lastKnownFileType = text.plist.xml; path = Cordova.plist; sourceTree = "<group>"; };
		C474FDA2159BDCD6002612B2 /* AppDelegate.h */ = {isa = PBXFileReference; lastKnownFileType = sourcecode.c.h; name = AppDelegate.h; path = Classes/AppDelegate.h; sourceTree = "<group>"; };
		C474FDA3159BDCD6002612B2 /* AppDelegate.m */ = {isa = PBXFileReference; lastKnownFileType = sourcecode.c.objc; name = AppDelegate.m; path = Classes/AppDelegate.m; sourceTree = "<group>"; };
		C474FDA5159BDCD6002612B2 /* MainViewController.h */ = {isa = PBXFileReference; lastKnownFileType = sourcecode.c.h; name = MainViewController.h; path = Classes/MainViewController.h; sourceTree = "<group>"; };
		C474FDA6159BDCD6002612B2 /* MainViewController.m */ = {isa = PBXFileReference; lastKnownFileType = sourcecode.c.objc; name = MainViewController.m; path = Classes/MainViewController.m; sourceTree = "<group>"; };
		C474FDA8159BDCD6002612B2 /* MainViewController.xib */ = {isa = PBXFileReference; lastKnownFileType = file.xib; name = MainViewController.xib; path = Classes/MainViewController.xib; sourceTree = "<group>"; };
		C474FDAB159BDCD6002612B2 /* README */ = {isa = PBXFileReference; lastKnownFileType = text; name = README; path = Plugins/README; sourceTree = "<group>"; };
		C474FDAC159BDCD6002612B2 /* verify.sh */ = {isa = PBXFileReference; lastKnownFileType = text.script.sh; path = verify.sh; sourceTree = "<group>"; };
/* End PBXFileReference section */

/* Begin PBXFrameworksBuildPhase section */
		C474FD51159BDCD5002612B2 /* Frameworks */ = {
			isa = PBXFrameworksBuildPhase;
			buildActionMask = 2147483647;
			files = (
				C474FD5C159BDCD5002612B2 /* Foundation.framework in Frameworks */,
				C474FD5E159BDCD5002612B2 /* UIKit.framework in Frameworks */,
				C474FD60159BDCD5002612B2 /* CoreGraphics.framework in Frameworks */,
				C474FD62159BDCD5002612B2 /* AddressBook.framework in Frameworks */,
				C474FD64159BDCD5002612B2 /* AddressBookUI.framework in Frameworks */,
				C474FD66159BDCD5002612B2 /* AudioToolbox.framework in Frameworks */,
				C474FD68159BDCD5002612B2 /* AVFoundation.framework in Frameworks */,
				C474FD6A159BDCD5002612B2 /* CoreLocation.framework in Frameworks */,
				C474FD6C159BDCD5002612B2 /* MediaPlayer.framework in Frameworks */,
				C474FD6E159BDCD5002612B2 /* QuartzCore.framework in Frameworks */,
				C474FD70159BDCD5002612B2 /* SystemConfiguration.framework in Frameworks */,
				C474FD72159BDCD5002612B2 /* MobileCoreServices.framework in Frameworks */,
				C474FD74159BDCD5002612B2 /* CoreMedia.framework in Frameworks */,
				C474FD7F159BDCD6002612B2 /* Cordova.framework in Frameworks */,
			);
			runOnlyForDeploymentPostprocessing = 0;
		};
		C474FD54159BDCD5002612B2 /* Frameworks */ = {
			isa = PBXFrameworksBuildPhase;
			buildActionMask = 2147483647;
			files = (
			);
			runOnlyForDeploymentPostprocessing = 0;
		};
/* End PBXFrameworksBuildPhase section */

/* Begin PBXGroup section */
		C474FD49159BDCD5002612B2 = {
			isa = PBXGroup;
			children = (
				C474FD75159BDCD5002612B2 /* Hello MDV */,
				C474FD5A159BDCD5002612B2 /* Frameworks */,
				C474FD58159BDCD5002612B2 /* Products */,
			);
			sourceTree = "<group>";
		};
		C474FD58159BDCD5002612B2 /* Products */ = {
			isa = PBXGroup;
			children = (
				C474FD57159BDCD5002612B2 /* Hello MDV.app */,
			);
			name = Products;
			sourceTree = "<group>";
		};
		C474FD5A159BDCD5002612B2 /* Frameworks */ = {
			isa = PBXGroup;
			children = (
				C474FD5B159BDCD5002612B2 /* Foundation.framework */,
				C474FD5D159BDCD5002612B2 /* UIKit.framework */,
				C474FD5F159BDCD5002612B2 /* CoreGraphics.framework */,
				C474FD61159BDCD5002612B2 /* AddressBook.framework */,
				C474FD63159BDCD5002612B2 /* AddressBookUI.framework */,
				C474FD65159BDCD5002612B2 /* AudioToolbox.framework */,
				C474FD67159BDCD5002612B2 /* AVFoundation.framework */,
				C474FD69159BDCD5002612B2 /* CoreLocation.framework */,
				C474FD6B159BDCD5002612B2 /* MediaPlayer.framework */,
				C474FD6D159BDCD5002612B2 /* QuartzCore.framework */,
				C474FD6F159BDCD5002612B2 /* SystemConfiguration.framework */,
				C474FD71159BDCD5002612B2 /* MobileCoreServices.framework */,
				C474FD73159BDCD5002612B2 /* CoreMedia.framework */,
			);
			name = Frameworks;
			sourceTree = "<group>";
		};
		C474FD75159BDCD5002612B2 /* Hello MDV */ = {
			isa = PBXGroup;
			children = (
				C474FD7E159BDCD6002612B2 /* Cordova.framework */,
				C474FD80159BDCD6002612B2 /* Resources */,
				C474FDA1159BDCD6002612B2 /* Classes */,
				C474FDAA159BDCD6002612B2 /* Plugins */,
				C474FD76159BDCD6002612B2 /* Supporting Files */,
			);
			path = "Hello MDV";
			sourceTree = "<group>";
		};
		C474FD76159BDCD6002612B2 /* Supporting Files */ = {
			isa = PBXGroup;
			children = (
				C474FD77159BDCD6002612B2 /* Hello MDV-Info.plist */,
				C474FD78159BDCD6002612B2 /* InfoPlist.strings */,
				C474FD7B159BDCD6002612B2 /* main.m */,
				C474FD7D159BDCD6002612B2 /* Hello MDV-Prefix.pch */,
				C474FD9F159BDCD6002612B2 /* Cordova.plist */,
				C474FDA8159BDCD6002612B2 /* MainViewController.xib */,
				C474FDAC159BDCD6002612B2 /* verify.sh */,
			);
			name = "Supporting Files";
			sourceTree = "<group>";
		};
		C474FD80159BDCD6002612B2 /* Resources */ = {
			isa = PBXGroup;
			children = (
				C474FD9D159BDCD6002612B2 /* Capture.bundle */,
				C474FD81159BDCD6002612B2 /* en.lproj */,
				C474FD85159BDCD6002612B2 /* es.lproj */,
				C474FD89159BDCD6002612B2 /* de.lproj */,
				C474FD8D159BDCD6002612B2 /* se.lproj */,
				C474FD91159BDCD6002612B2 /* icons */,
				C474FD98159BDCD6002612B2 /* splash */,
			);
			name = Resources;
			sourceTree = "<group>";
		};
		C474FD81159BDCD6002612B2 /* en.lproj */ = {
			isa = PBXGroup;
			children = (
				C474FD82159BDCD6002612B2 /* Localizable.strings */,
			);
			name = en.lproj;
			sourceTree = "<group>";
		};
		C474FD85159BDCD6002612B2 /* es.lproj */ = {
			isa = PBXGroup;
			children = (
				C474FD86159BDCD6002612B2 /* Localizable.strings */,
			);
			name = es.lproj;
			sourceTree = "<group>";
		};
		C474FD89159BDCD6002612B2 /* de.lproj */ = {
			isa = PBXGroup;
			children = (
				C474FD8A159BDCD6002612B2 /* Localizable.strings */,
			);
			name = de.lproj;
			sourceTree = "<group>";
		};
		C474FD8D159BDCD6002612B2 /* se.lproj */ = {
			isa = PBXGroup;
			children = (
				C474FD8E159BDCD6002612B2 /* Localizable.strings */,
			);
			name = se.lproj;
			sourceTree = "<group>";
		};
		C474FD91159BDCD6002612B2 /* icons */ = {
			isa = PBXGroup;
			children = (
				C474FD92159BDCD6002612B2 /* icon.png */,
				C474FD94159BDCD6002612B2 /* icon@2x.png */,
				C474FD96159BDCD6002612B2 /* icon-72.png */,
			);
			name = icons;
			sourceTree = "<group>";
		};
		C474FD98159BDCD6002612B2 /* splash */ = {
			isa = PBXGroup;
			children = (
				C474FD99159BDCD6002612B2 /* Default~iphone.png */,
				C474FD9B159BDCD6002612B2 /* Default@2x~iphone.png */,
			);
			name = splash;
			sourceTree = "<group>";
		};
		C474FDA1159BDCD6002612B2 /* Classes */ = {
			isa = PBXGroup;
			children = (
				C474FDA2159BDCD6002612B2 /* AppDelegate.h */,
				C474FDA3159BDCD6002612B2 /* AppDelegate.m */,
				C474FDA5159BDCD6002612B2 /* MainViewController.h */,
				C474FDA6159BDCD6002612B2 /* MainViewController.m */,
			);
			name = Classes;
			sourceTree = "<group>";
		};
		C474FDAA159BDCD6002612B2 /* Plugins */ = {
			isa = PBXGroup;
			children = (
				C474FDAB159BDCD6002612B2 /* README */,
			);
			name = Plugins;
			sourceTree = "<group>";
		};
/* End PBXGroup section */

/* Begin PBXNativeTarget section */
		C474FD56159BDCD5002612B2 /* Hello MDV */ = {
			isa = PBXNativeTarget;
			buildConfigurationList = C474FDAF159BDCD6002612B2 /* Build configuration list for PBXNativeTarget "Hello MDV" */;
			buildPhases = (
				C474FD50159BDCD5002612B2 /* Sources */,
				C474FD51159BDCD5002612B2 /* Frameworks */,
				C474FD52159BDCD5002612B2 /* Resources */,
				C474FD53159BDCD5002612B2 /* Sources */,
				C474FD54159BDCD5002612B2 /* Frameworks */,
				C474FD55159BDCD5002612B2 /* ShellScript */,
			);
			buildRules = (
			);
			dependencies = (
			);
			name = "Hello MDV";
			productName = "Hello MDV";
			productReference = C474FD57159BDCD5002612B2 /* Hello MDV.app */;
			productType = "com.apple.product-type.application";
		};
/* End PBXNativeTarget section */

/* Begin PBXProject section */
		C474FD4B159BDCD5002612B2 /* Project object */ = {
			isa = PBXProject;
			attributes = {
				LastUpgradeCheck = 0430;
			};
			buildConfigurationList = C474FD4E159BDCD5002612B2 /* Build configuration list for PBXProject "Hello MDV" */;
			compatibilityVersion = "Xcode 3.2";
			developmentRegion = English;
			hasScannedForEncodings = 0;
			knownRegions = (
				en,
				es,
				de,
				se,
			);
			mainGroup = C474FD49159BDCD5002612B2;
			productRefGroup = C474FD58159BDCD5002612B2 /* Products */;
			projectDirPath = "";
			projectRoot = "";
			targets = (
				C474FD56159BDCD5002612B2 /* Hello MDV */,
			);
		};
/* End PBXProject section */

/* Begin PBXResourcesBuildPhase section */
		C474FD52159BDCD5002612B2 /* Resources */ = {
			isa = PBXResourcesBuildPhase;
			buildActionMask = 2147483647;
			files = (
				C474FD7A159BDCD6002612B2 /* InfoPlist.strings in Resources */,
				C474FD84159BDCD6002612B2 /* Localizable.strings in Resources */,
				C474FD88159BDCD6002612B2 /* Localizable.strings in Resources */,
				C474FD8C159BDCD6002612B2 /* Localizable.strings in Resources */,
				C474FD90159BDCD6002612B2 /* Localizable.strings in Resources */,
				C474FD93159BDCD6002612B2 /* icon.png in Resources */,
				C474FD95159BDCD6002612B2 /* icon@2x.png in Resources */,
				C474FD97159BDCD6002612B2 /* icon-72.png in Resources */,
				C474FD9A159BDCD6002612B2 /* Default~iphone.png in Resources */,
				C474FD9C159BDCD6002612B2 /* Default@2x~iphone.png in Resources */,
				C474FD9E159BDCD6002612B2 /* Capture.bundle in Resources */,
				C474FDA0159BDCD6002612B2 /* Cordova.plist in Resources */,
				C474FDA9159BDCD6002612B2 /* MainViewController.xib in Resources */,
			);
			runOnlyForDeploymentPostprocessing = 0;
		};
/* End PBXResourcesBuildPhase section */

/* Begin PBXShellScriptBuildPhase section */
		C474FD55159BDCD5002612B2 /* ShellScript */ = {
			isa = PBXShellScriptBuildPhase;
			buildActionMask = 2147483647;
			files = (
			);
			inputPaths = (
			);
			outputPaths = (
			);
			runOnlyForDeploymentPostprocessing = 0;
			shellPath = /bin/bash;
			shellScript = "\n\t\t\t\t\t\t\t\tchmod 755 \"$PROJECT_DIR/$PROJECT_NAME/verify.sh\"\n\t\t\t\t\t\t\t\t\"$PROJECT_DIR/$PROJECT_NAME/verify.sh\"\n\t\t\t\t\t";
		};
/* End PBXShellScriptBuildPhase section */

/* Begin PBXSourcesBuildPhase section */
		C474FD50159BDCD5002612B2 /* Sources */ = {
			isa = PBXSourcesBuildPhase;
			buildActionMask = 2147483647;
			files = (
				C474FD7C159BDCD6002612B2 /* main.m in Sources */,
				C474FDA4159BDCD6002612B2 /* AppDelegate.m in Sources */,
				C474FDA7159BDCD6002612B2 /* MainViewController.m in Sources */,
			);
			runOnlyForDeploymentPostprocessing = 0;
		};
		C474FD53159BDCD5002612B2 /* Sources */ = {
			isa = PBXSourcesBuildPhase;
			buildActionMask = 2147483647;
			files = (
			);
			runOnlyForDeploymentPostprocessing = 0;
		};
/* End PBXSourcesBuildPhase section */

/* Begin PBXVariantGroup section */
		C474FD78159BDCD6002612B2 /* InfoPlist.strings */ = {
			isa = PBXVariantGroup;
			children = (
				C474FD79159BDCD6002612B2 /* en */,
			);
			name = InfoPlist.strings;
			sourceTree = "<group>";
		};
		C474FD82159BDCD6002612B2 /* Localizable.strings */ = {
			isa = PBXVariantGroup;
			children = (
				C474FD83159BDCD6002612B2 /* en */,
			);
			name = Localizable.strings;
			sourceTree = "<group>";
		};
		C474FD86159BDCD6002612B2 /* Localizable.strings */ = {
			isa = PBXVariantGroup;
			children = (
				C474FD87159BDCD6002612B2 /* es */,
			);
			name = Localizable.strings;
			sourceTree = "<group>";
		};
		C474FD8A159BDCD6002612B2 /* Localizable.strings */ = {
			isa = PBXVariantGroup;
			children = (
				C474FD8B159BDCD6002612B2 /* de */,
			);
			name = Localizable.strings;
			sourceTree = "<group>";
		};
		C474FD8E159BDCD6002612B2 /* Localizable.strings */ = {
			isa = PBXVariantGroup;
			children = (
				C474FD8F159BDCD6002612B2 /* se */,
			);
			name = Localizable.strings;
			sourceTree = "<group>";
		};
/* End PBXVariantGroup section */

/* Begin XCBuildConfiguration section */
		C474FDAD159BDCD6002612B2 /* Debug */ = {
			isa = XCBuildConfiguration;
			buildSettings = {
				ALWAYS_SEARCH_USER_PATHS = NO;
				ARCHS = (
					armv6,
					"$(ARCHS_STANDARD_32_BIT)",
				);
				CLANG_ENABLE_OBJC_ARC = YES;
				"CODE_SIGN_IDENTITY[sdk=iphoneos*]" = "iPhone Developer";
				COPY_PHASE_STRIP = NO;
				GCC_C_LANGUAGE_STANDARD = gnu99;
				GCC_DYNAMIC_NO_PIC = NO;
				GCC_OPTIMIZATION_LEVEL = 0;
				GCC_PREPROCESSOR_DEFINITIONS = (
					"DEBUG=1",
					"$(inherited)",
				);
				GCC_SYMBOLS_PRIVATE_EXTERN = NO;
				GCC_VERSION = com.apple.compilers.llvm.clang.1_0;
				GCC_WARN_ABOUT_RETURN_TYPE = YES;
				GCC_WARN_UNINITIALIZED_AUTOS = YES;
				GCC_WARN_UNUSED_VARIABLE = YES;
				IPHONEOS_DEPLOYMENT_TARGET = 3.0;
				SDKROOT = iphoneos;
			};
			name = Debug;
		};
		C474FDAE159BDCD6002612B2 /* Release */ = {
			isa = XCBuildConfiguration;
			buildSettings = {
				ALWAYS_SEARCH_USER_PATHS = NO;
				ARCHS = (
					armv6,
					"$(ARCHS_STANDARD_32_BIT)",
				);
				CLANG_ENABLE_OBJC_ARC = YES;
				"CODE_SIGN_IDENTITY[sdk=iphoneos*]" = "iPhone Developer";
				COPY_PHASE_STRIP = YES;
				GCC_C_LANGUAGE_STANDARD = gnu99;
				GCC_VERSION = com.apple.compilers.llvm.clang.1_0;
				GCC_WARN_ABOUT_RETURN_TYPE = YES;
				GCC_WARN_UNINITIALIZED_AUTOS = YES;
				GCC_WARN_UNUSED_VARIABLE = YES;
				IPHONEOS_DEPLOYMENT_TARGET = 3.0;
				SDKROOT = iphoneos;
				VALIDATE_PRODUCT = YES;
			};
			name = Release;
		};
		C474FDB0159BDCD6002612B2 /* Debug */ = {
			isa = XCBuildConfiguration;
			buildSettings = {
				ALWAYS_SEARCH_USER_PATHS = YES;
				COPY_PHASE_STRIP = NO;
				FRAMEWORK_SEARCH_PATHS = /Users/Shared/Cordova/Frameworks;
				GCC_DYNAMIC_NO_PIC = NO;
				GCC_PRECOMPILE_PREFIX_HEADER = YES;
				GCC_PREFIX_HEADER = "Hello MDV/Hello MDV-Prefix.pch";
				GCC_PREPROCESSOR_DEFINITIONS = (
					"DEBUG=1,",
					"CORDOVA_FRAMEWORK=1",
				);
				INFOPLIST_FILE = "Hello MDV/Hello MDV-Info.plist";
				OTHER_LDFLAGS = (
					"-weak_framework",
					UIKit,
					"-weak_framework",
					AVFoundation,
					"-weak_framework",
					CoreMedia,
					"-weak-lSystem",
				);
				PRODUCT_NAME = "$(TARGET_NAME)";
				TARGETED_DEVICE_FAMILY = "1,2";
				WRAPPER_EXTENSION = app;
			};
			name = Debug;
		};
		C474FDB1159BDCD6002612B2 /* Release */ = {
			isa = XCBuildConfiguration;
			buildSettings = {
				ALWAYS_SEARCH_USER_PATHS = YES;
				COPY_PHASE_STRIP = YES;
				DEBUG_INFORMATION_FORMAT = "dwarf-with-dsym";
				FRAMEWORK_SEARCH_PATHS = /Users/Shared/Cordova/Frameworks;
				GCC_PRECOMPILE_PREFIX_HEADER = YES;
				GCC_PREFIX_HEADER = "Hello MDV/Hello MDV-Prefix.pch";
				GCC_PREPROCESSOR_DEFINITIONS = (
					"NDEBUG=1,",
					"CORDOVA_FRAMEWORK=1",
				);
				INFOPLIST_FILE = "Hello MDV/Hello MDV-Info.plist";
				OTHER_LDFLAGS = (
					"-weak_framework",
					UIKit,
					"-weak_framework",
					AVFoundation,
					"-weak_framework",
					CoreMedia,
					"-weak-lSystem",
				);
				PRODUCT_NAME = "$(TARGET_NAME)";
				TARGETED_DEVICE_FAMILY = "1,2";
				VALIDATE_PRODUCT = YES;
				WRAPPER_EXTENSION = app;
			};
			name = Release;
		};
/* End XCBuildConfiguration section */

/* Begin XCConfigurationList section */
		C474FD4E159BDCD5002612B2 /* Build configuration list for PBXProject "Hello MDV" */ = {
			isa = XCConfigurationList;
			buildConfigurations = (
				C474FDAD159BDCD6002612B2 /* Debug */,
				C474FDAE159BDCD6002612B2 /* Release */,
			);
			defaultConfigurationIsVisible = 0;
			defaultConfigurationName = Release;
		};
		C474FDAF159BDCD6002612B2 /* Build configuration list for PBXNativeTarget "Hello MDV" */ = {
			isa = XCConfigurationList;
			buildConfigurations = (
				C474FDB0159BDCD6002612B2 /* Debug */,
				C474FDB1159BDCD6002612B2 /* Release */,
			);
			defaultConfigurationIsVisible = 0;
		};
/* End XCConfigurationList section */
	};
	rootObject = C474FD4B159BDCD5002612B2 /* Project object */;
}
